
Microsoft Visual Studio Solution File, Format Version 12.00
# Visual Studio Version 17
VisualStudioVersion = 17.0.31903.59
MinimumVisualStudioVersion = 10.0.40219.1
Project("{2150E333-8FDC-42A3-9474-1A3956D46DE8}") = "src", "src", "{8AE8FCD3-E49D-4D61-93E0-60C2EAAA32F9}"
EndProject
Project("{FAE04EC0-301F-11D3-BF4B-00C04F79EFBC}") = "Santander.BestHackerStories.API", "src\Santander.BestHackerStories.API\Santander.BestHackerStories.API.csproj", "{67F46526-165D-4881-B769-360B06A23DB5}"
EndProject
Project("{2150E333-8FDC-42A3-9474-1A3956D46DE8}") = "tests", "tests", "{51FEBBA1-BF47-4574-AFF4-152C7CC3188B}"
EndProject
Project("{FAE04EC0-301F-11D3-BF4B-00C04F79EFBC}") = "Santander.BestHackerStories.IntegrationTests", "tests\Santander.BestHackerStories.IntegrationTests\Santander.BestHackerStories.IntegrationTests.csproj", "{6B338DB3-1F70-46B5-BBFE-94C40E0D27B4}"
EndProject
Global
	GlobalSection(SolutionConfigurationPlatforms) = preSolution
		Debug|Any CPU = Debug|Any CPU
		Release|Any CPU = Release|Any CPU
	EndGlobalSection
	GlobalSection(ProjectConfigurationPlatforms) = postSolution
		{67F46526-165D-4881-B769-360B06A23DB5}.Debug|Any CPU.ActiveCfg = Debug|Any CPU
		{67F46526-165D-4881-B769-360B06A23DB5}.Debug|Any CPU.Build.0 = Debug|Any CPU
		{67F46526-165D-4881-B769-360B06A23DB5}.Release|Any CPU.ActiveCfg = Release|Any CPU
		{67F46526-165D-4881-B769-360B06A23DB5}.Release|Any CPU.Build.0 = Release|Any CPU
		{6B338DB3-1F70-46B5-BBFE-94C40E0D27B4}.Debug|Any CPU.ActiveCfg = Debug|Any CPU
		{6B338DB3-1F70-46B5-BBFE-94C40E0D27B4}.Debug|Any CPU.Build.0 = Debug|Any CPU
		{6B338DB3-1F70-46B5-BBFE-94C40E0D27B4}.Release|Any CPU.ActiveCfg = Release|Any CPU
		{6B338DB3-1F70-46B5-BBFE-94C40E0D27B4}.Release|Any CPU.Build.0 = Release|Any CPU
	EndGlobalSection
	GlobalSection(SolutionProperties) = preSolution
		HideSolutionNode = FALSE
	EndGlobalSection
	GlobalSection(NestedProjects) = preSolution
		{67F46526-165D-4881-B769-360B06A23DB5} = {8AE8FCD3-E49D-4D61-93E0-60C2EAAA32F9}
		{6B338DB3-1F70-46B5-BBFE-94C40E0D27B4} = {51FEBBA1-BF47-4574-AFF4-152C7CC3188B}
	EndGlobalSection
EndGlobal
